
Microsoft Visual Studio Solution File, Format Version 12.00
# Visual Studio 15
VisualStudioVersion = 15.0.27004.2005
MinimumVisualStudioVersion = 10.0.40219.1
Project("{9A19103F-16F7-4668-BE54-9A1E7A4F7556}") = "refactorme", "..\refactorme.csproj", "{57070271-9C4F-4627-8C64-FC6542271623}"
EndProject
Global
	GlobalSection(SolutionConfigurationPlatforms) = preSolution
		Debug|Any CPU = Debug|Any CPU
		Release|Any CPU = Release|Any CPU
	EndGlobalSection
	GlobalSection(ProjectConfigurationPlatforms) = postSolution
		{57070271-9C4F-4627-8C64-FC6542271623}.Debug|Any CPU.ActiveCfg = Debug|Any CPU
		{57070271-9C4F-4627-8C64-FC6542271623}.Debug|Any CPU.Build.0 = Debug|Any CPU
		{57070271-9C4F-4627-8C64-FC6542271623}.Release|Any CPU.ActiveCfg = Release|Any CPU
		{57070271-9C4F-4627-8C64-FC6542271623}.Release|Any CPU.Build.0 = Release|Any CPU
	EndGlobalSection
	GlobalSection(SolutionProperties) = preSolution
		HideSolutionNode = FALSE
	EndGlobalSection
	GlobalSection(ExtensibilityGlobals) = postSolution
		SolutionGuid = {8E12BE8D-710C-414F-B106-0C36E44DCB00}
	EndGlobalSection
EndGlobal
